// !$*UTF8*$!
{
	archiveVersion = 1;
	classes = {
	};
	objectVersion = 77;
	objects = {

/* Begin PBXBuildFile section */
		D34EA3AA2CF4EEB500C20083 /* Alamofire in Frameworks */ = {isa = PBXBuildFile; productRef = D34EA3A92CF4EEB500C20083 /* Alamofire */; };
		D34EA3AD2CF4EFA800C20083 /* DGCharts in Frameworks */ = {isa = PBXBuildFile; productRef = D34EA3AC2CF4EFA800C20083 /* DGCharts */; };
		D34EA3B02CF4EFEA00C20083 /* SnapKit in Frameworks */ = {isa = PBXBuildFile; productRef = D34EA3AF2CF4EFEA00C20083 /* SnapKit */; };
/* End PBXBuildFile section */

/* Begin PBXContainerItemProxy section */
		D34EA4152CF7376B00C20083 /* PBXContainerItemProxy */ = {
			isa = PBXContainerItemProxy;
			containerPortal = D34EA3462CF4E8AF00C20083 /* Project object */;
			proxyType = 1;
			remoteGlobalIDString = D34EA34D2CF4E8AF00C20083;
			remoteInfo = BTCTrader;
		};
/* End PBXContainerItemProxy section */

/* Begin PBXFileReference section */
		D34EA34E2CF4E8AF00C20083 /* BTCTrader.app */ = {isa = PBXFileReference; explicitFileType = wrapper.application; includeInIndex = 0; path = BTCTrader.app; sourceTree = BUILT_PRODUCTS_DIR; };
		D34EA4112CF7376B00C20083 /* BTCTraderTests.xctest */ = {isa = PBXFileReference; explicitFileType = wrapper.cfbundle; includeInIndex = 0; path = BTCTraderTests.xctest; sourceTree = BUILT_PRODUCTS_DIR; };
/* End PBXFileReference section */

/* Begin PBXFileSystemSynchronizedBuildFileExceptionSet section */
		D34EA3602CF4E8B000C20083 /* Exceptions for "BTCTrader" folder in "BTCTrader" target */ = {
			isa = PBXFileSystemSynchronizedBuildFileExceptionSet;
			membershipExceptions = (
				Info.plist,
			);
			target = D34EA34D2CF4E8AF00C20083 /* BTCTrader */;
		};
/* End PBXFileSystemSynchronizedBuildFileExceptionSet section */

/* Begin PBXFileSystemSynchronizedRootGroup section */
		D34EA3502CF4E8AF00C20083 /* BTCTrader */ = {
			isa = PBXFileSystemSynchronizedRootGroup;
			exceptions = (
				D34EA3602CF4E8B000C20083 /* Exceptions for "BTCTrader" folder in "BTCTrader" target */,
			);
			path = BTCTrader;
			sourceTree = "<group>";
		};
		D34EA4122CF7376B00C20083 /* BTCTraderTests */ = {
			isa = PBXFileSystemSynchronizedRootGroup;
			path = BTCTraderTests;
			sourceTree = "<group>";
		};
/* End PBXFileSystemSynchronizedRootGroup section */

/* Begin PBXFrameworksBuildPhase section */
		D34EA34B2CF4E8AF00C20083 /* Frameworks */ = {
			isa = PBXFrameworksBuildPhase;
			buildActionMask = 2147483647;
			files = (
				D34EA3B02CF4EFEA00C20083 /* SnapKit in Frameworks */,
				D34EA3AD2CF4EFA800C20083 /* DGCharts in Frameworks */,
				D34EA3AA2CF4EEB500C20083 /* Alamofire in Frameworks */,
			);
			runOnlyForDeploymentPostprocessing = 0;
		};
		D34EA40E2CF7376B00C20083 /* Frameworks */ = {
			isa = PBXFrameworksBuildPhase;
			buildActionMask = 2147483647;
			files = (
			);
			runOnlyForDeploymentPostprocessing = 0;
		};
/* End PBXFrameworksBuildPhase section */

/* Begin PBXGroup section */
		D34EA3452CF4E8AF00C20083 = {
			isa = PBXGroup;
			children = (
				D34EA3502CF4E8AF00C20083 /* BTCTrader */,
				D34EA4122CF7376B00C20083 /* BTCTraderTests */,
				D34EA34F2CF4E8AF00C20083 /* Products */,
			);
			sourceTree = "<group>";
		};
		D34EA34F2CF4E8AF00C20083 /* Products */ = {
			isa = PBXGroup;
			children = (
				D34EA34E2CF4E8AF00C20083 /* BTCTrader.app */,
				D34EA4112CF7376B00C20083 /* BTCTraderTests.xctest */,
			);
			name = Products;
			sourceTree = "<group>";
		};
/* End PBXGroup section */

/* Begin PBXNativeTarget section */
		D34EA34D2CF4E8AF00C20083 /* BTCTrader */ = {
			isa = PBXNativeTarget;
			buildConfigurationList = D34EA3612CF4E8B000C20083 /* Build configuration list for PBXNativeTarget "BTCTrader" */;
			buildPhases = (
				D34EA34A2CF4E8AF00C20083 /* Sources */,
				D34EA34B2CF4E8AF00C20083 /* Frameworks */,
				D34EA34C2CF4E8AF00C20083 /* Resources */,
			);
			buildRules = (
			);
			dependencies = (
			);
			fileSystemSynchronizedGroups = (
				D34EA3502CF4E8AF00C20083 /* BTCTrader */,
			);
			name = BTCTrader;
			packageProductDependencies = (
				D34EA3A92CF4EEB500C20083 /* Alamofire */,
				D34EA3AC2CF4EFA800C20083 /* DGCharts */,
				D34EA3AF2CF4EFEA00C20083 /* SnapKit */,
			);
			productName = BTCTrader;
			productReference = D34EA34E2CF4E8AF00C20083 /* BTCTrader.app */;
			productType = "com.apple.product-type.application";
		};
		D34EA4102CF7376B00C20083 /* BTCTraderTests */ = {
			isa = PBXNativeTarget;
			buildConfigurationList = D34EA4172CF7376B00C20083 /* Build configuration list for PBXNativeTarget "BTCTraderTests" */;
			buildPhases = (
				D34EA40D2CF7376B00C20083 /* Sources */,
				D34EA40E2CF7376B00C20083 /* Frameworks */,
				D34EA40F2CF7376B00C20083 /* Resources */,
			);
			buildRules = (
			);
			dependencies = (
				D34EA4162CF7376B00C20083 /* PBXTargetDependency */,
			);
			fileSystemSynchronizedGroups = (
				D34EA4122CF7376B00C20083 /* BTCTraderTests */,
			);
			name = BTCTraderTests;
			packageProductDependencies = (
			);
			productName = BTCTraderTests;
			productReference = D34EA4112CF7376B00C20083 /* BTCTraderTests.xctest */;
			productType = "com.apple.product-type.bundle.unit-test";
		};
/* End PBXNativeTarget section */

/* Begin PBXProject section */
		D34EA3462CF4E8AF00C20083 /* Project object */ = {
			isa = PBXProject;
			attributes = {
				BuildIndependentTargetsInParallel = 1;
				LastSwiftUpdateCheck = 1610;
				LastUpgradeCheck = 1610;
				TargetAttributes = {
					D34EA34D2CF4E8AF00C20083 = {
						CreatedOnToolsVersion = 16.1;
					};
					D34EA4102CF7376B00C20083 = {
						CreatedOnToolsVersion = 16.1;
						TestTargetID = D34EA34D2CF4E8AF00C20083;
					};
				};
			};
			buildConfigurationList = D34EA3492CF4E8AF00C20083 /* Build configuration list for PBXProject "BTCTrader" */;
			developmentRegion = en;
			hasScannedForEncodings = 0;
			knownRegions = (
				en,
				Base,
			);
			mainGroup = D34EA3452CF4E8AF00C20083;
			minimizedProjectReferenceProxies = 1;
			packageReferences = (
				D34EA3A82CF4EEB500C20083 /* XCRemoteSwiftPackageReference "Alamofire" */,
				D34EA3AB2CF4EFA800C20083 /* XCRemoteSwiftPackageReference "Charts" */,
				D34EA3AE2CF4EFEA00C20083 /* XCRemoteSwiftPackageReference "SnapKit" */,
			);
			preferredProjectObjectVersion = 77;
			productRefGroup = D34EA34F2CF4E8AF00C20083 /* Products */;
			projectDirPath = "";
			projectRoot = "";
			targets = (
				D34EA34D2CF4E8AF00C20083 /* BTCTrader */,
				D34EA4102CF7376B00C20083 /* BTCTraderTests */,
			);
		};
/* End PBXProject section */

/* Begin PBXResourcesBuildPhase section */
		D34EA34C2CF4E8AF00C20083 /* Resources */ = {
			isa = PBXResourcesBuildPhase;
			buildActionMask = 2147483647;
			files = (
			);
			runOnlyForDeploymentPostprocessing = 0;
		};
		D34EA40F2CF7376B00C20083 /* Resources */ = {
			isa = PBXResourcesBuildPhase;
			buildActionMask = 2147483647;
			files = (
			);
			runOnlyForDeploymentPostprocessing = 0;
		};
/* End PBXResourcesBuildPhase section */

/* Begin PBXSourcesBuildPhase section */
		D34EA34A2CF4E8AF00C20083 /* Sources */ = {
			isa = PBXSourcesBuildPhase;
			buildActionMask = 2147483647;
			files = (
			);
			runOnlyForDeploymentPostprocessing = 0;
		};
		D34EA40D2CF7376B00C20083 /* Sources */ = {
			isa = PBXSourcesBuildPhase;
			buildActionMask = 2147483647;
			files = (
			);
			runOnlyForDeploymentPostprocessing = 0;
		};
/* End PBXSourcesBuildPhase section */

/* Begin PBXTargetDependency section */
		D34EA4162CF7376B00C20083 /* PBXTargetDependency */ = {
			isa = PBXTargetDependency;
			target = D34EA34D2CF4E8AF00C20083 /* BTCTrader */;
			targetProxy = D34EA4152CF7376B00C20083 /* PBXContainerItemProxy */;
		};
/* End PBXTargetDependency section */

/* Begin XCBuildConfiguration section */
		D34EA3622CF4E8B000C20083 /* Debug */ = {
			isa = XCBuildConfiguration;
			buildSettings = {
				ASSETCATALOG_COMPILER_APPICON_NAME = AppIcon;
				ASSETCATALOG_COMPILER_GLOBAL_ACCENT_COLOR_NAME = AccentColor;
				CODE_SIGN_STYLE = Automatic;
				CURRENT_PROJECT_VERSION = 1;
				DEVELOPMENT_TEAM = ZC4RG5VQ4M;
				GENERATE_INFOPLIST_FILE = YES;
				INFOPLIST_FILE = BTCTrader/Info.plist;
				INFOPLIST_KEY_UIApplicationSupportsIndirectInputEvents = YES;
				INFOPLIST_KEY_UILaunchStoryboardName = LaunchScreen;
				INFOPLIST_KEY_UIMainStoryboardFile = Main;
				INFOPLIST_KEY_UISupportedInterfaceOrientations = UIInterfaceOrientationPortrait;
				INFOPLIST_KEY_UISupportedInterfaceOrientations_iPad = "UIInterfaceOrientationLandscapeLeft UIInterfaceOrientationLandscapeRight UIInterfaceOrientationPortrait UIInterfaceOrientationPortraitUpsideDown";
				LD_RUNPATH_SEARCH_PATHS = (
					"$(inherited)",
					"@executable_path/Frameworks",
				);
				MARKETING_VERSION = 1.0;
				PRODUCT_BUNDLE_IDENTIFIER = com.ozdemirApps.BTCTrader;
				PRODUCT_NAME = "$(TARGET_NAME)";
				SWIFT_EMIT_LOC_STRINGS = YES;
				SWIFT_VERSION = 5.0;
				TARGETED_DEVICE_FAMILY = "1,2";
			};
			name = Debug;
		};
		D34EA3632CF4E8B000C20083 /* Release */ = {
			isa = XCBuildConfiguration;
			buildSettings = {
				ASSETCATALOG_COMPILER_APPICON_NAME = AppIcon;
				ASSETCATALOG_COMPILER_GLOBAL_ACCENT_COLOR_NAME = AccentColor;
				CODE_SIGN_STYLE = Automatic;
				CURRENT_PROJECT_VERSION = 1;
				DEVELOPMENT_TEAM = ZC4RG5VQ4M;
				GENERATE_INFOPLIST_FILE = YES;
				INFOPLIST_FILE = BTCTrader/Info.plist;
				INFOPLIST_KEY_UIApplicationSupportsIndirectInputEvents = YES;
				INFOPLIST_KEY_UILaunchStoryboardName = LaunchScreen;
				INFOPLIST_KEY_UIMainStoryboardFile = Main;
				INFOPLIST_KEY_UISupportedInterfaceOrientations = UIInterfaceOrientationPortrait;
				INFOPLIST_KEY_UISupportedInterfaceOrientations_iPad = "UIInterfaceOrientationLandscapeLeft UIInterfaceOrientationLandscapeRight UIInterfaceOrientationPortrait UIInterfaceOrientationPortraitUpsideDown";
				LD_RUNPATH_SEARCH_PATHS = (
					"$(inherited)",
					"@executable_path/Frameworks",
				);
				MARKETING_VERSION = 1.0;
				PRODUCT_BUNDLE_IDENTIFIER = com.ozdemirApps.BTCTrader;
				PRODUCT_NAME = "$(TARGET_NAME)";
				SWIFT_EMIT_LOC_STRINGS = YES;
				SWIFT_VERSION = 5.0;
				TARGETED_DEVICE_FAMILY = "1,2";
			};
			name = Release;
		};
		D34EA3642CF4E8B000C20083 /* Debug */ = {
			isa = XCBuildConfiguration;
			buildSettings = {
				ALWAYS_SEARCH_USER_PATHS = NO;
				ASSETCATALOG_COMPILER_GENERATE_SWIFT_ASSET_SYMBOL_EXTENSIONS = YES;
				CLANG_ANALYZER_NONNULL = YES;
				CLANG_ANALYZER_NUMBER_OBJECT_CONVERSION = YES_AGGRESSIVE;
				CLANG_CXX_LANGUAGE_STANDARD = "gnu++20";
				CLANG_ENABLE_MODULES = YES;
				CLANG_ENABLE_OBJC_ARC = YES;
				CLANG_ENABLE_OBJC_WEAK = YES;
				CLANG_WARN_BLOCK_CAPTURE_AUTORELEASING = YES;
				CLANG_WARN_BOOL_CONVERSION = YES;
				CLANG_WARN_COMMA = YES;
				CLANG_WARN_CONSTANT_CONVERSION = YES;
				CLANG_WARN_DEPRECATED_OBJC_IMPLEMENTATIONS = YES;
				CLANG_WARN_DIRECT_OBJC_ISA_USAGE = YES_ERROR;
				CLANG_WARN_DOCUMENTATION_COMMENTS = YES;
				CLANG_WARN_EMPTY_BODY = YES;
				CLANG_WARN_ENUM_CONVERSION = YES;
				CLANG_WARN_INFINITE_RECURSION = YES;
				CLANG_WARN_INT_CONVERSION = YES;
				CLANG_WARN_NON_LITERAL_NULL_CONVERSION = YES;
				CLANG_WARN_OBJC_IMPLICIT_RETAIN_SELF = YES;
				CLANG_WARN_OBJC_LITERAL_CONVERSION = YES;
				CLANG_WARN_OBJC_ROOT_CLASS = YES_ERROR;
				CLANG_WARN_QUOTED_INCLUDE_IN_FRAMEWORK_HEADER = YES;
				CLANG_WARN_RANGE_LOOP_ANALYSIS = YES;
				CLANG_WARN_STRICT_PROTOTYPES = YES;
				CLANG_WARN_SUSPICIOUS_MOVE = YES;
				CLANG_WARN_UNGUARDED_AVAILABILITY = YES_AGGRESSIVE;
				CLANG_WARN_UNREACHABLE_CODE = YES;
				CLANG_WARN__DUPLICATE_METHOD_MATCH = YES;
				COPY_PHASE_STRIP = NO;
				DEBUG_INFORMATION_FORMAT = dwarf;
				ENABLE_STRICT_OBJC_MSGSEND = YES;
				ENABLE_TESTABILITY = YES;
				ENABLE_USER_SCRIPT_SANDBOXING = YES;
				GCC_C_LANGUAGE_STANDARD = gnu17;
				GCC_DYNAMIC_NO_PIC = NO;
				GCC_NO_COMMON_BLOCKS = YES;
				GCC_OPTIMIZATION_LEVEL = 0;
				GCC_PREPROCESSOR_DEFINITIONS = (
					"DEBUG=1",
					"$(inherited)",
				);
				GCC_WARN_64_TO_32_BIT_CONVERSION = YES;
				GCC_WARN_ABOUT_RETURN_TYPE = YES_ERROR;
				GCC_WARN_UNDECLARED_SELECTOR = YES;
				GCC_WARN_UNINITIALIZED_AUTOS = YES_AGGRESSIVE;
				GCC_WARN_UNUSED_FUNCTION = YES;
				GCC_WARN_UNUSED_VARIABLE = YES;
				IPHONEOS_DEPLOYMENT_TARGET = 18.1;
				LOCALIZATION_PREFERS_STRING_CATALOGS = YES;
				MTL_ENABLE_DEBUG_INFO = INCLUDE_SOURCE;
				MTL_FAST_MATH = YES;
				ONLY_ACTIVE_ARCH = YES;
				SDKROOT = iphoneos;
				SWIFT_ACTIVE_COMPILATION_CONDITIONS = "DEBUG $(inherited)";
				SWIFT_OPTIMIZATION_LEVEL = "-Onone";
			};
			name = Debug;
		};
		D34EA3652CF4E8B000C20083 /* Release */ = {
			isa = XCBuildConfiguration;
			buildSettings = {
				ALWAYS_SEARCH_USER_PATHS = NO;
				ASSETCATALOG_COMPILER_GENERATE_SWIFT_ASSET_SYMBOL_EXTENSIONS = YES;
				CLANG_ANALYZER_NONNULL = YES;
				CLANG_ANALYZER_NUMBER_OBJECT_CONVERSION = YES_AGGRESSIVE;
				CLANG_CXX_LANGUAGE_STANDARD = "gnu++20";
				CLANG_ENABLE_MODULES = YES;
				CLANG_ENABLE_OBJC_ARC = YES;
				CLANG_ENABLE_OBJC_WEAK = YES;
				CLANG_WARN_BLOCK_CAPTURE_AUTORELEASING = YES;
				CLANG_WARN_BOOL_CONVERSION = YES;
				CLANG_WARN_COMMA = YES;
				CLANG_WARN_CONSTANT_CONVERSION = YES;
				CLANG_WARN_DEPRECATED_OBJC_IMPLEMENTATIONS = YES;
				CLANG_WARN_DIRECT_OBJC_ISA_USAGE = YES_ERROR;
				CLANG_WARN_DOCUMENTATION_COMMENTS = YES;
				CLANG_WARN_EMPTY_BODY = YES;
				CLANG_WARN_ENUM_CONVERSION = YES;
				CLANG_WARN_INFINITE_RECURSION = YES;
				CLANG_WARN_INT_CONVERSION = YES;
				CLANG_WARN_NON_LITERAL_NULL_CONVERSION = YES;
				CLANG_WARN_OBJC_IMPLICIT_RETAIN_SELF = YES;
				CLANG_WARN_OBJC_LITERAL_CONVERSION = YES;
				CLANG_WARN_OBJC_ROOT_CLASS = YES_ERROR;
				CLANG_WARN_QUOTED_INCLUDE_IN_FRAMEWORK_HEADER = YES;
				CLANG_WARN_RANGE_LOOP_ANALYSIS = YES;
				CLANG_WARN_STRICT_PROTOTYPES = YES;
				CLANG_WARN_SUSPICIOUS_MOVE = YES;
				CLANG_WARN_UNGUARDED_AVAILABILITY = YES_AGGRESSIVE;
				CLANG_WARN_UNREACHABLE_CODE = YES;
				CLANG_WARN__DUPLICATE_METHOD_MATCH = YES;
				COPY_PHASE_STRIP = NO;
				DEBUG_INFORMATION_FORMAT = "dwarf-with-dsym";
				ENABLE_NS_ASSERTIONS = NO;
				ENABLE_STRICT_OBJC_MSGSEND = YES;
				ENABLE_USER_SCRIPT_SANDBOXING = YES;
				GCC_C_LANGUAGE_STANDARD = gnu17;
				GCC_NO_COMMON_BLOCKS = YES;
				GCC_WARN_64_TO_32_BIT_CONVERSION = YES;
				GCC_WARN_ABOUT_RETURN_TYPE = YES_ERROR;
				GCC_WARN_UNDECLARED_SELECTOR = YES;
				GCC_WARN_UNINITIALIZED_AUTOS = YES_AGGRESSIVE;
				GCC_WARN_UNUSED_FUNCTION = YES;
				GCC_WARN_UNUSED_VARIABLE = YES;
				IPHONEOS_DEPLOYMENT_TARGET = 18.1;
				LOCALIZATION_PREFERS_STRING_CATALOGS = YES;
				MTL_ENABLE_DEBUG_INFO = NO;
				MTL_FAST_MATH = YES;
				SDKROOT = iphoneos;
				SWIFT_COMPILATION_MODE = wholemodule;
				VALIDATE_PRODUCT = YES;
			};
			name = Release;
		};
		D34EA4182CF7376B00C20083 /* Debug */ = {
			isa = XCBuildConfiguration;
			buildSettings = {
				BUNDLE_LOADER = "$(TEST_HOST)";
				CODE_SIGN_STYLE = Automatic;
				CURRENT_PROJECT_VERSION = 1;
				DEVELOPMENT_TEAM = ZC4RG5VQ4M;
				GENERATE_INFOPLIST_FILE = YES;
				MARKETING_VERSION = 1.0;
				PRODUCT_BUNDLE_IDENTIFIER = com.ozdemirApps.BTCTraderTests;
				PRODUCT_NAME = "$(TARGET_NAME)";
				SWIFT_EMIT_LOC_STRINGS = NO;
				SWIFT_VERSION = 5.0;
				TARGETED_DEVICE_FAMILY = "1,2";
				TEST_HOST = "$(BUILT_PRODUCTS_DIR)/BTCTrader.app/$(BUNDLE_EXECUTABLE_FOLDER_PATH)/BTCTrader";
			};
			name = Debug;
		};
		D34EA4192CF7376B00C20083 /* Release */ = {
			isa = XCBuildConfiguration;
			buildSettings = {
				BUNDLE_LOADER = "$(TEST_HOST)";
				CODE_SIGN_STYLE = Automatic;
				CURRENT_PROJECT_VERSION = 1;
				DEVELOPMENT_TEAM = ZC4RG5VQ4M;
				GENERATE_INFOPLIST_FILE = YES;
				MARKETING_VERSION = 1.0;
				PRODUCT_BUNDLE_IDENTIFIER = com.ozdemirApps.BTCTraderTests;
				PRODUCT_NAME = "$(TARGET_NAME)";
				SWIFT_EMIT_LOC_STRINGS = NO;
				SWIFT_VERSION = 5.0;
				TARGETED_DEVICE_FAMILY = "1,2";
				TEST_HOST = "$(BUILT_PRODUCTS_DIR)/BTCTrader.app/$(BUNDLE_EXECUTABLE_FOLDER_PATH)/BTCTrader";
			};
			name = Release;
		};
/* End XCBuildConfiguration section */

/* Begin XCConfigurationList section */
		D34EA3492CF4E8AF00C20083 /* Build configuration list for PBXProject "BTCTrader" */ = {
			isa = XCConfigurationList;
			buildConfigurations = (
				D34EA3642CF4E8B000C20083 /* Debug */,
				D34EA3652CF4E8B000C20083 /* Release */,
			);
			defaultConfigurationIsVisible = 0;
			defaultConfigurationName = Release;
		};
		D34EA3612CF4E8B000C20083 /* Build configuration list for PBXNativeTarget "BTCTrader" */ = {
			isa = XCConfigurationList;
			buildConfigurations = (
				D34EA3622CF4E8B000C20083 /* Debug */,
				D34EA3632CF4E8B000C20083 /* Release */,
			);
			defaultConfigurationIsVisible = 0;
			defaultConfigurationName = Release;
		};
		D34EA4172CF7376B00C20083 /* Build configuration list for PBXNativeTarget "BTCTraderTests" */ = {
			isa = XCConfigurationList;
			buildConfigurations = (
				D34EA4182CF7376B00C20083 /* Debug */,
				D34EA4192CF7376B00C20083 /* Release */,
			);
			defaultConfigurationIsVisible = 0;
			defaultConfigurationName = Release;
		};
/* End XCConfigurationList section */

/* Begin XCRemoteSwiftPackageReference section */
		D34EA3A82CF4EEB500C20083 /* XCRemoteSwiftPackageReference "Alamofire" */ = {
			isa = XCRemoteSwiftPackageReference;
			repositoryURL = "https://github.com/Alamofire/Alamofire";
			requirement = {
				kind = upToNextMajorVersion;
				minimumVersion = 5.10.2;
			};
		};
		D34EA3AB2CF4EFA800C20083 /* XCRemoteSwiftPackageReference "Charts" */ = {
			isa = XCRemoteSwiftPackageReference;
			repositoryURL = "https://github.com/ChartsOrg/Charts";
			requirement = {
				kind = upToNextMajorVersion;
				minimumVersion = 5.1.0;
			};
		};
		D34EA3AE2CF4EFEA00C20083 /* XCRemoteSwiftPackageReference "SnapKit" */ = {
			isa = XCRemoteSwiftPackageReference;
			repositoryURL = "https://github.com/SnapKit/SnapKit";
			requirement = {
				kind = upToNextMajorVersion;
				minimumVersion = 5.7.1;
			};
		};
/* End XCRemoteSwiftPackageReference section */

/* Begin XCSwiftPackageProductDependency section */
		D34EA3A92CF4EEB500C20083 /* Alamofire */ = {
			isa = XCSwiftPackageProductDependency;
			package = D34EA3A82CF4EEB500C20083 /* XCRemoteSwiftPackageReference "Alamofire" */;
			productName = Alamofire;
		};
		D34EA3AC2CF4EFA800C20083 /* DGCharts */ = {
			isa = XCSwiftPackageProductDependency;
			package = D34EA3AB2CF4EFA800C20083 /* XCRemoteSwiftPackageReference "Charts" */;
			productName = DGCharts;
		};
		D34EA3AF2CF4EFEA00C20083 /* SnapKit */ = {
			isa = XCSwiftPackageProductDependency;
			package = D34EA3AE2CF4EFEA00C20083 /* XCRemoteSwiftPackageReference "SnapKit" */;
			productName = SnapKit;
		};
/* End XCSwiftPackageProductDependency section */
	};
	rootObject = D34EA3462CF4E8AF00C20083 /* Project object */;
}
